
Microsoft Visual Studio Solution File, Format Version 12.00
# Visual Studio Version 17
VisualStudioVersion = 17.13.35806.99 d17.13
MinimumVisualStudioVersion = 10.0.40219.1
Project("{FAE04EC0-301F-11D3-BF4B-00C04F79EFBC}") = "CertificadoAPI", "CertificadoAPI.csproj", "{0E95EE03-BF89-456F-942B-9D9278132602}"
EndProject
Global
	GlobalSection(SolutionConfigurationPlatforms) = preSolution
		Debug|Any CPU = Debug|Any CPU
		Release|Any CPU = Release|Any CPU
	EndGlobalSection
	GlobalSection(ProjectConfigurationPlatforms) = postSolution
		{0E95EE03-BF89-456F-942B-9D9278132602}.Debug|Any CPU.ActiveCfg = Debug|Any CPU
		{0E95EE03-BF89-456F-942B-9D9278132602}.Debug|Any CPU.Build.0 = Debug|Any CPU
		{0E95EE03-BF89-456F-942B-9D9278132602}.Release|Any CPU.ActiveCfg = Release|Any CPU
		{0E95EE03-BF89-456F-942B-9D9278132602}.Release|Any CPU.Build.0 = Release|Any CPU
	EndGlobalSection
	GlobalSection(SolutionProperties) = preSolution
		HideSolutionNode = FALSE
	EndGlobalSection
	GlobalSection(ExtensibilityGlobals) = postSolution
		SolutionGuid = {62EF82B0-0B7C-483B-84DD-23A5061D64F7}
	EndGlobalSection
EndGlobal
